
Microsoft Visual Studio Solution File, Format Version 12.00
# Visual Studio Version 16
VisualStudioVersion = 16.0.32901.82
MinimumVisualStudioVersion = 10.0.40219.1
Project("{FAE04EC0-301F-11D3-BF4B-00C04F79EFBC}") = "MyAppointment", "MyAppointment.csproj", "{E20A0C10-56B1-4A0F-9D8A-37C5BB6ADD2D}"
EndProject
Global
	GlobalSection(SolutionConfigurationPlatforms) = preSolution
		Debug|Any CPU = Debug|Any CPU
		Release|Any CPU = Release|Any CPU
	EndGlobalSection
	GlobalSection(ProjectConfigurationPlatforms) = postSolution
		{E20A0C10-56B1-4A0F-9D8A-37C5BB6ADD2D}.Debug|Any CPU.ActiveCfg = Debug|Any CPU
		{E20A0C10-56B1-4A0F-9D8A-37C5BB6ADD2D}.Debug|Any CPU.Build.0 = Debug|Any CPU
		{E20A0C10-56B1-4A0F-9D8A-37C5BB6ADD2D}.Release|Any CPU.ActiveCfg = Release|Any CPU
		{E20A0C10-56B1-4A0F-9D8A-37C5BB6ADD2D}.Release|Any CPU.Build.0 = Release|Any CPU
	EndGlobalSection
	GlobalSection(SolutionProperties) = preSolution
		HideSolutionNode = FALSE
	EndGlobalSection
	GlobalSection(ExtensibilityGlobals) = postSolution
		SolutionGuid = {47D0FBDA-B979-49BC-9509-51DB986A3962}
	EndGlobalSection
EndGlobal
